
Microsoft Visual Studio Solution File, Format Version 12.00
# Visual Studio Version 17
VisualStudioVersion = 17.0.31903.59
MinimumVisualStudioVersion = 10.0.40219.1
Project("{FAE04EC0-301F-11D3-BF4B-00C04F79EFBC}") = "CustomerService", "CustomerService\CustomerService.csproj", "{896AC1BC-A1DB-42C9-A1E7-671C2A3688E9}"
EndProject
Project("{FAE04EC0-301F-11D3-BF4B-00C04F79EFBC}") = "CustomerService.Tests", "CustomerService.Tests\CustomerService.Tests.csproj", "{13503BE6-C1A6-4C66-A294-69E441F7ADA5}"
EndProject
Global
	GlobalSection(SolutionConfigurationPlatforms) = preSolution
		Debug|Any CPU = Debug|Any CPU
		Release|Any CPU = Release|Any CPU
	EndGlobalSection
	GlobalSection(SolutionProperties) = preSolution
		HideSolutionNode = FALSE
	EndGlobalSection
	GlobalSection(ProjectConfigurationPlatforms) = postSolution
		{896AC1BC-A1DB-42C9-A1E7-671C2A3688E9}.Debug|Any CPU.ActiveCfg = Debug|Any CPU
		{896AC1BC-A1DB-42C9-A1E7-671C2A3688E9}.Debug|Any CPU.Build.0 = Debug|Any CPU
		{896AC1BC-A1DB-42C9-A1E7-671C2A3688E9}.Release|Any CPU.ActiveCfg = Release|Any CPU
		{896AC1BC-A1DB-42C9-A1E7-671C2A3688E9}.Release|Any CPU.Build.0 = Release|Any CPU
		{13503BE6-C1A6-4C66-A294-69E441F7ADA5}.Debug|Any CPU.ActiveCfg = Debug|Any CPU
		{13503BE6-C1A6-4C66-A294-69E441F7ADA5}.Debug|Any CPU.Build.0 = Debug|Any CPU
		{13503BE6-C1A6-4C66-A294-69E441F7ADA5}.Release|Any CPU.ActiveCfg = Release|Any CPU
		{13503BE6-C1A6-4C66-A294-69E441F7ADA5}.Release|Any CPU.Build.0 = Release|Any CPU
	EndGlobalSection
EndGlobal
